
Microsoft Visual Studio Solution File, Format Version 12.00
# Visual Studio Version 17
VisualStudioVersion = 17.0.31903.59
MinimumVisualStudioVersion = 10.0.40219.1
Project("{2150E333-8FDC-42A3-9474-1A3956D46DE8}") = "src", "src", "{827E0CD3-B72D-47B6-A68D-7590B98EB39B}"
EndProject
Project("{2150E333-8FDC-42A3-9474-1A3956D46DE8}") = "01.Shared", "01.Shared", "{8DBB4ADE-A45A-61EA-077F-A3663C16FA40}"
EndProject
Project("{FAE04EC0-301F-11D3-BF4B-00C04F79EFBC}") = "MyPlatform.Shared.Kernel", "src\01.Shared\MyPlatform.Shared.Kernel\MyPlatform.Shared.Kernel.csproj", "{2EAD4A26-74EB-432B-BF7F-08FE9E759E6A}"
EndProject
Project("{FAE04EC0-301F-11D3-BF4B-00C04F79EFBC}") = "MyPlatform.Shared.Contracts", "src\01.Shared\MyPlatform.Shared.Contracts\MyPlatform.Shared.Contracts.csproj", "{D655C391-8A62-4FC0-8263-9539E5F8F33F}"
EndProject
Project("{FAE04EC0-301F-11D3-BF4B-00C04F79EFBC}") = "MyPlatform.Shared.Utils", "src\01.Shared\MyPlatform.Shared.Utils\MyPlatform.Shared.Utils.csproj", "{AC050B7D-2F3D-4259-82E9-1964EF94D0D0}"
EndProject
Project("{2150E333-8FDC-42A3-9474-1A3956D46DE8}") = "02.SDK", "02.SDK", "{03B32C4A-F3DB-4975-F6F8-65D1ADA49A91}"
EndProject
Project("{FAE04EC0-301F-11D3-BF4B-00C04F79EFBC}") = "MyPlatform.SDK.Core", "src\02.SDK\MyPlatform.SDK.Core\MyPlatform.SDK.Core.csproj", "{6A4F5EA7-BD9E-4245-B78C-7E88E34E2136}"
EndProject
Project("{FAE04EC0-301F-11D3-BF4B-00C04F79EFBC}") = "MyPlatform.SDK.Authentication", "src\02.SDK\MyPlatform.SDK.Authentication\MyPlatform.SDK.Authentication.csproj", "{5D2A92DD-2BAD-4B49-B7E8-09DD69DECF41}"
EndProject
Project("{FAE04EC0-301F-11D3-BF4B-00C04F79EFBC}") = "MyPlatform.SDK.Authorization", "src\02.SDK\MyPlatform.SDK.Authorization\MyPlatform.SDK.Authorization.csproj", "{5958620E-8357-42CC-96DB-C2E5025217A4}"
EndProject
Project("{FAE04EC0-301F-11D3-BF4B-00C04F79EFBC}") = "MyPlatform.SDK.MultiTenancy", "src\02.SDK\MyPlatform.SDK.MultiTenancy\MyPlatform.SDK.MultiTenancy.csproj", "{BEF4CF03-6496-4C30-95DE-A01325EE7CDF}"
EndProject
Project("{FAE04EC0-301F-11D3-BF4B-00C04F79EFBC}") = "MyPlatform.SDK.Saga", "src\02.SDK\MyPlatform.SDK.Saga\MyPlatform.SDK.Saga.csproj", "{045C0D50-9195-469A-97F1-C8CACA9192BA}"
EndProject
Project("{FAE04EC0-301F-11D3-BF4B-00C04F79EFBC}") = "MyPlatform.SDK.Idempotency", "src\02.SDK\MyPlatform.SDK.Idempotency\MyPlatform.SDK.Idempotency.csproj", "{6501CCD3-0761-44D5-BB27-68D17485F8ED}"
EndProject
Project("{2150E333-8FDC-42A3-9474-1A3956D46DE8}") = "03.Infrastructure", "03.Infrastructure", "{5F22E3FD-03F7-6464-D9FD-C37E479F3006}"
EndProject
Project("{FAE04EC0-301F-11D3-BF4B-00C04F79EFBC}") = "MyPlatform.Infrastructure.Redis", "src\03.Infrastructure\MyPlatform.Infrastructure.Redis\MyPlatform.Infrastructure.Redis.csproj", "{BA2E208B-3BB2-4FCC-83B5-BFC06EC94850}"
EndProject
Project("{FAE04EC0-301F-11D3-BF4B-00C04F79EFBC}") = "MyPlatform.SDK.Scheduler", "src\02.SDK\MyPlatform.SDK.Scheduler\MyPlatform.SDK.Scheduler.csproj", "{F4B8F768-A1DF-437E-939B-A9B0ADDAED3E}"
EndProject
Project("{FAE04EC0-301F-11D3-BF4B-00C04F79EFBC}") = "MyPlatform.SDK.EventBus", "src\02.SDK\MyPlatform.SDK.EventBus\MyPlatform.SDK.EventBus.csproj", "{BA392100-5D15-48FB-A6FA-1CCDF8B3CF36}"
EndProject
Project("{FAE04EC0-301F-11D3-BF4B-00C04F79EFBC}") = "MyPlatform.SDK.Caching", "src\02.SDK\MyPlatform.SDK.Caching\MyPlatform.SDK.Caching.csproj", "{3E8C4214-74F7-4975-A62C-C5C287A8B58C}"
EndProject
Project("{FAE04EC0-301F-11D3-BF4B-00C04F79EFBC}") = "MyPlatform.SDK.ServiceCommunication", "src\02.SDK\MyPlatform.SDK.ServiceCommunication\MyPlatform.SDK.ServiceCommunication.csproj", "{106F9DB0-8994-427D-B40D-0A300E5859F2}"
EndProject
Project("{FAE04EC0-301F-11D3-BF4B-00C04F79EFBC}") = "MyPlatform.SDK.Observability", "src\02.SDK\MyPlatform.SDK.Observability\MyPlatform.SDK.Observability.csproj", "{3C2EA976-B594-42D3-BFA5-FA08057369A1}"
EndProject
Project("{FAE04EC0-301F-11D3-BF4B-00C04F79EFBC}") = "MyPlatform.Infrastructure.EFCore", "src\03.Infrastructure\MyPlatform.Infrastructure.EFCore\MyPlatform.Infrastructure.EFCore.csproj", "{FD0FB997-67DC-41C9-94E6-5FCD63192A0B}"
EndProject
Project("{2150E333-8FDC-42A3-9474-1A3956D46DE8}") = "04.Services", "04.Services", "{358FB479-815E-C133-975E-C093EB5107D0}"
EndProject
Project("{FAE04EC0-301F-11D3-BF4B-00C04F79EFBC}") = "MyPlatform.Services.Identity", "src\04.Services\MyPlatform.Services.Identity\MyPlatform.Services.Identity.csproj", "{8B68B051-4D05-4E13-AA48-D330FDC90394}"
EndProject
Project("{FAE04EC0-301F-11D3-BF4B-00C04F79EFBC}") = "MyPlatform.Services.Order", "src\04.Services\MyPlatform.Services.Order\MyPlatform.Services.Order.csproj", "{4D30FD64-4251-4970-BE19-F7EA280BCA49}"
EndProject
Project("{2150E333-8FDC-42A3-9474-1A3956D46DE8}") = "05.Gateway", "05.Gateway", "{13A09F1F-ECDB-090E-3A80-7E942E303690}"
EndProject
Project("{FAE04EC0-301F-11D3-BF4B-00C04F79EFBC}") = "MyPlatform.Gateway", "src\05.Gateway\MyPlatform.Gateway\MyPlatform.Gateway.csproj", "{BCAB7AB3-F9A8-443E-9EC5-A18801CBDA03}"
EndProject
Project("{2150E333-8FDC-42A3-9474-1A3956D46DE8}") = "tests", "tests", "{0AB3BF05-4346-4AA6-1389-037BE0695223}"
EndProject
Project("{FAE04EC0-301F-11D3-BF4B-00C04F79EFBC}") = "MyPlatform.SDK.Saga.Tests", "tests\MyPlatform.SDK.Saga.Tests\MyPlatform.SDK.Saga.Tests.csproj", "{A7B2DADE-C6BC-425C-94A6-51F62B03D9BF}"
EndProject
Project("{FAE04EC0-301F-11D3-BF4B-00C04F79EFBC}") = "MyPlatform.SDK.Idempotency.Tests", "tests\MyPlatform.SDK.Idempotency.Tests\MyPlatform.SDK.Idempotency.Tests.csproj", "{A8D12079-529F-43AA-BDB5-9186854E5790}"
EndProject
Project("{FAE04EC0-301F-11D3-BF4B-00C04F79EFBC}") = "MyPlatform.SDK.EventBus.Tests", "tests\MyPlatform.SDK.EventBus.Tests\MyPlatform.SDK.EventBus.Tests.csproj", "{8ED98AAC-5785-4AB0-B807-670F865D1F0D}"
EndProject
Project("{FAE04EC0-301F-11D3-BF4B-00C04F79EFBC}") = "MyPlatform.SDK.Search.Elasticsearch", "src\02.SDK\MyPlatform.SDK.Search.Elasticsearch\MyPlatform.SDK.Search.Elasticsearch.csproj", "{5639F61A-43D7-4E34-8AB3-0E05F7B579E6}"
EndProject
Project("{FAE04EC0-301F-11D3-BF4B-00C04F79EFBC}") = "MyPlatform.SDK.Search.Elasticsearch.Tests", "tests\MyPlatform.SDK.Search.Elasticsearch.Tests\MyPlatform.SDK.Search.Elasticsearch.Tests.csproj", "{A67D8F60-84CB-4EC7-8925-8B3D21D08FF2}"
EndProject
Project("{FAE04EC0-301F-11D3-BF4B-00C04F79EFBC}") = "MyPlatform.Services.Worker", "src\04.Services\MyPlatform.Services.Worker\MyPlatform.Services.Worker.csproj", "{84FA943E-7530-4917-85EA-D980D5BA95DE}"
EndProject
Project("{FAE04EC0-301F-11D3-BF4B-00C04F79EFBC}") = "MyPlatform.Services.Sku", "src\04.Services\MyPlatform.Services.Sku\MyPlatform.Services.Sku.csproj", "{FD9DBB46-D1CF-417C-88FD-B7641C3A0695}"
EndProject
Project("{FAE04EC0-301F-11D3-BF4B-00C04F79EFBC}") = "MyPlatform.SDK.Storage", "src\02.SDK\MyPlatform.SDK.Storage\MyPlatform.SDK.Storage.csproj", "{1794E019-A9BB-40ED-8148-408C177B7F6E}"
EndProject
Project("{FAE04EC0-301F-11D3-BF4B-00C04F79EFBC}") = "MyPlatform.SDK.IdGenerator", "src\02.SDK\MyPlatform.SDK.IdGenerator\MyPlatform.SDK.IdGenerator.csproj", "{72A24D04-BAF2-4301-BF8B-A09E605BA7CF}"
EndProject
Project("{FAE04EC0-301F-11D3-BF4B-00C04F79EFBC}") = "MyPlatform.SDK.IdGenerator.Tests", "tests\MyPlatform.SDK.IdGenerator.Tests\MyPlatform.SDK.IdGenerator.Tests.csproj", "{7EF52CEC-378A-49BC-BDC7-C43F20373827}"
EndProject
Project("{FAE04EC0-301F-11D3-BF4B-00C04F79EFBC}") = "MyPlatform.Services.IdDemo", "src\04.Services\MyPlatform.Services.IdDemo\MyPlatform.Services.IdDemo.csproj", "{BEDCDFA6-6CE6-49A7-A264-DB74AF4CCEB5}"
EndProject
Project("{FAE04EC0-301F-11D3-BF4B-00C04F79EFBC}") = "MyPlatform.SDK.DataExchange", "src\02.SDK\MyPlatform.SDK.DataExchange\MyPlatform.SDK.DataExchange.csproj", "{E173BDCF-5B9F-4697-8976-1BF5DA989A22}"
EndProject
Project("{FAE04EC0-301F-11D3-BF4B-00C04F79EFBC}") = "MyPlatform.Services.Export", "src\04.Services\MyPlatform.Services.Export\MyPlatform.Services.Export.csproj", "{D63479A4-CC9F-4BCD-B414-026C5E61BD57}"
EndProject
Project("{FAE04EC0-301F-11D3-BF4B-00C04F79EFBC}") = "MyPlatform.Services.Messaging", "src\04.Services\MyPlatform.Services.Messaging\MyPlatform.Services.Messaging.csproj", "{58E41E2E-DAF0-442C-BCDF-7F6A3499E8CE}"
EndProject
Global
	GlobalSection(SolutionConfigurationPlatforms) = preSolution
		Debug|Any CPU = Debug|Any CPU
		Debug|x64 = Debug|x64
		Debug|x86 = Debug|x86
		Release|Any CPU = Release|Any CPU
		Release|x64 = Release|x64
		Release|x86 = Release|x86
	EndGlobalSection
	GlobalSection(ProjectConfigurationPlatforms) = postSolution
		{2EAD4A26-74EB-432B-BF7F-08FE9E759E6A}.Debug|Any CPU.ActiveCfg = Debug|Any CPU
		{2EAD4A26-74EB-432B-BF7F-08FE9E759E6A}.Debug|Any CPU.Build.0 = Debug|Any CPU
		{2EAD4A26-74EB-432B-BF7F-08FE9E759E6A}.Debug|x64.ActiveCfg = Debug|Any CPU
		{2EAD4A26-74EB-432B-BF7F-08FE9E759E6A}.Debug|x64.Build.0 = Debug|Any CPU
		{2EAD4A26-74EB-432B-BF7F-08FE9E759E6A}.Debug|x86.ActiveCfg = Debug|Any CPU
		{2EAD4A26-74EB-432B-BF7F-08FE9E759E6A}.Debug|x86.Build.0 = Debug|Any CPU
		{2EAD4A26-74EB-432B-BF7F-08FE9E759E6A}.Release|Any CPU.ActiveCfg = Release|Any CPU
		{2EAD4A26-74EB-432B-BF7F-08FE9E759E6A}.Release|Any CPU.Build.0 = Release|Any CPU
		{2EAD4A26-74EB-432B-BF7F-08FE9E759E6A}.Release|x64.ActiveCfg = Release|Any CPU
		{2EAD4A26-74EB-432B-BF7F-08FE9E759E6A}.Release|x64.Build.0 = Release|Any CPU
		{2EAD4A26-74EB-432B-BF7F-08FE9E759E6A}.Release|x86.ActiveCfg = Release|Any CPU
		{2EAD4A26-74EB-432B-BF7F-08FE9E759E6A}.Release|x86.Build.0 = Release|Any CPU
		{D655C391-8A62-4FC0-8263-9539E5F8F33F}.Debug|Any CPU.ActiveCfg = Debug|Any CPU
		{D655C391-8A62-4FC0-8263-9539E5F8F33F}.Debug|Any CPU.Build.0 = Debug|Any CPU
		{D655C391-8A62-4FC0-8263-9539E5F8F33F}.Debug|x64.ActiveCfg = Debug|Any CPU
		{D655C391-8A62-4FC0-8263-9539E5F8F33F}.Debug|x64.Build.0 = Debug|Any CPU
		{D655C391-8A62-4FC0-8263-9539E5F8F33F}.Debug|x86.ActiveCfg = Debug|Any CPU
		{D655C391-8A62-4FC0-8263-9539E5F8F33F}.Debug|x86.Build.0 = Debug|Any CPU
		{D655C391-8A62-4FC0-8263-9539E5F8F33F}.Release|Any CPU.ActiveCfg = Release|Any CPU
		{D655C391-8A62-4FC0-8263-9539E5F8F33F}.Release|Any CPU.Build.0 = Release|Any CPU
		{D655C391-8A62-4FC0-8263-9539E5F8F33F}.Release|x64.ActiveCfg = Release|Any CPU
		{D655C391-8A62-4FC0-8263-9539E5F8F33F}.Release|x64.Build.0 = Release|Any CPU
		{D655C391-8A62-4FC0-8263-9539E5F8F33F}.Release|x86.ActiveCfg = Release|Any CPU
		{D655C391-8A62-4FC0-8263-9539E5F8F33F}.Release|x86.Build.0 = Release|Any CPU
		{AC050B7D-2F3D-4259-82E9-1964EF94D0D0}.Debug|Any CPU.ActiveCfg = Debug|Any CPU
		{AC050B7D-2F3D-4259-82E9-1964EF94D0D0}.Debug|Any CPU.Build.0 = Debug|Any CPU
		{AC050B7D-2F3D-4259-82E9-1964EF94D0D0}.Debug|x64.ActiveCfg = Debug|Any CPU
		{AC050B7D-2F3D-4259-82E9-1964EF94D0D0}.Debug|x64.Build.0 = Debug|Any CPU
		{AC050B7D-2F3D-4259-82E9-1964EF94D0D0}.Debug|x86.ActiveCfg = Debug|Any CPU
		{AC050B7D-2F3D-4259-82E9-1964EF94D0D0}.Debug|x86.Build.0 = Debug|Any CPU
		{AC050B7D-2F3D-4259-82E9-1964EF94D0D0}.Release|Any CPU.ActiveCfg = Release|Any CPU
		{AC050B7D-2F3D-4259-82E9-1964EF94D0D0}.Release|Any CPU.Build.0 = Release|Any CPU
		{AC050B7D-2F3D-4259-82E9-1964EF94D0D0}.Release|x64.ActiveCfg = Release|Any CPU
		{AC050B7D-2F3D-4259-82E9-1964EF94D0D0}.Release|x64.Build.0 = Release|Any CPU
		{AC050B7D-2F3D-4259-82E9-1964EF94D0D0}.Release|x86.ActiveCfg = Release|Any CPU
		{AC050B7D-2F3D-4259-82E9-1964EF94D0D0}.Release|x86.Build.0 = Release|Any CPU
		{6A4F5EA7-BD9E-4245-B78C-7E88E34E2136}.Debug|Any CPU.ActiveCfg = Debug|Any CPU
		{6A4F5EA7-BD9E-4245-B78C-7E88E34E2136}.Debug|Any CPU.Build.0 = Debug|Any CPU
		{6A4F5EA7-BD9E-4245-B78C-7E88E34E2136}.Debug|x64.ActiveCfg = Debug|Any CPU
		{6A4F5EA7-BD9E-4245-B78C-7E88E34E2136}.Debug|x64.Build.0 = Debug|Any CPU
		{6A4F5EA7-BD9E-4245-B78C-7E88E34E2136}.Debug|x86.ActiveCfg = Debug|Any CPU
		{6A4F5EA7-BD9E-4245-B78C-7E88E34E2136}.Debug|x86.Build.0 = Debug|Any CPU
		{6A4F5EA7-BD9E-4245-B78C-7E88E34E2136}.Release|Any CPU.ActiveCfg = Release|Any CPU
		{6A4F5EA7-BD9E-4245-B78C-7E88E34E2136}.Release|Any CPU.Build.0 = Release|Any CPU
		{6A4F5EA7-BD9E-4245-B78C-7E88E34E2136}.Release|x64.ActiveCfg = Release|Any CPU
		{6A4F5EA7-BD9E-4245-B78C-7E88E34E2136}.Release|x64.Build.0 = Release|Any CPU
		{6A4F5EA7-BD9E-4245-B78C-7E88E34E2136}.Release|x86.ActiveCfg = Release|Any CPU
		{6A4F5EA7-BD9E-4245-B78C-7E88E34E2136}.Release|x86.Build.0 = Release|Any CPU
		{5D2A92DD-2BAD-4B49-B7E8-09DD69DECF41}.Debug|Any CPU.ActiveCfg = Debug|Any CPU
		{5D2A92DD-2BAD-4B49-B7E8-09DD69DECF41}.Debug|Any CPU.Build.0 = Debug|Any CPU
		{5D2A92DD-2BAD-4B49-B7E8-09DD69DECF41}.Debug|x64.ActiveCfg = Debug|Any CPU
		{5D2A92DD-2BAD-4B49-B7E8-09DD69DECF41}.Debug|x64.Build.0 = Debug|Any CPU
		{5D2A92DD-2BAD-4B49-B7E8-09DD69DECF41}.Debug|x86.ActiveCfg = Debug|Any CPU
		{5D2A92DD-2BAD-4B49-B7E8-09DD69DECF41}.Debug|x86.Build.0 = Debug|Any CPU
		{5D2A92DD-2BAD-4B49-B7E8-09DD69DECF41}.Release|Any CPU.ActiveCfg = Release|Any CPU
		{5D2A92DD-2BAD-4B49-B7E8-09DD69DECF41}.Release|Any CPU.Build.0 = Release|Any CPU
		{5D2A92DD-2BAD-4B49-B7E8-09DD69DECF41}.Release|x64.ActiveCfg = Release|Any CPU
		{5D2A92DD-2BAD-4B49-B7E8-09DD69DECF41}.Release|x64.Build.0 = Release|Any CPU
		{5D2A92DD-2BAD-4B49-B7E8-09DD69DECF41}.Release|x86.ActiveCfg = Release|Any CPU
		{5D2A92DD-2BAD-4B49-B7E8-09DD69DECF41}.Release|x86.Build.0 = Release|Any CPU
		{5958620E-8357-42CC-96DB-C2E5025217A4}.Debug|Any CPU.ActiveCfg = Debug|Any CPU
		{5958620E-8357-42CC-96DB-C2E5025217A4}.Debug|Any CPU.Build.0 = Debug|Any CPU
		{5958620E-8357-42CC-96DB-C2E5025217A4}.Debug|x64.ActiveCfg = Debug|Any CPU
		{5958620E-8357-42CC-96DB-C2E5025217A4}.Debug|x64.Build.0 = Debug|Any CPU
		{5958620E-8357-42CC-96DB-C2E5025217A4}.Debug|x86.ActiveCfg = Debug|Any CPU
		{5958620E-8357-42CC-96DB-C2E5025217A4}.Debug|x86.Build.0 = Debug|Any CPU
		{5958620E-8357-42CC-96DB-C2E5025217A4}.Release|Any CPU.ActiveCfg = Release|Any CPU
		{5958620E-8357-42CC-96DB-C2E5025217A4}.Release|Any CPU.Build.0 = Release|Any CPU
		{5958620E-8357-42CC-96DB-C2E5025217A4}.Release|x64.ActiveCfg = Release|Any CPU
		{5958620E-8357-42CC-96DB-C2E5025217A4}.Release|x64.Build.0 = Release|Any CPU
		{5958620E-8357-42CC-96DB-C2E5025217A4}.Release|x86.ActiveCfg = Release|Any CPU
		{5958620E-8357-42CC-96DB-C2E5025217A4}.Release|x86.Build.0 = Release|Any CPU
		{BEF4CF03-6496-4C30-95DE-A01325EE7CDF}.Debug|Any CPU.ActiveCfg = Debug|Any CPU
		{BEF4CF03-6496-4C30-95DE-A01325EE7CDF}.Debug|Any CPU.Build.0 = Debug|Any CPU
		{BEF4CF03-6496-4C30-95DE-A01325EE7CDF}.Debug|x64.ActiveCfg = Debug|Any CPU
		{BEF4CF03-6496-4C30-95DE-A01325EE7CDF}.Debug|x64.Build.0 = Debug|Any CPU
		{BEF4CF03-6496-4C30-95DE-A01325EE7CDF}.Debug|x86.ActiveCfg = Debug|Any CPU
		{BEF4CF03-6496-4C30-95DE-A01325EE7CDF}.Debug|x86.Build.0 = Debug|Any CPU
		{BEF4CF03-6496-4C30-95DE-A01325EE7CDF}.Release|Any CPU.ActiveCfg = Release|Any CPU
		{BEF4CF03-6496-4C30-95DE-A01325EE7CDF}.Release|Any CPU.Build.0 = Release|Any CPU
		{BEF4CF03-6496-4C30-95DE-A01325EE7CDF}.Release|x64.ActiveCfg = Release|Any CPU
		{BEF4CF03-6496-4C30-95DE-A01325EE7CDF}.Release|x64.Build.0 = Release|Any CPU
		{BEF4CF03-6496-4C30-95DE-A01325EE7CDF}.Release|x86.ActiveCfg = Release|Any CPU
		{BEF4CF03-6496-4C30-95DE-A01325EE7CDF}.Release|x86.Build.0 = Release|Any CPU
		{045C0D50-9195-469A-97F1-C8CACA9192BA}.Debug|Any CPU.ActiveCfg = Debug|Any CPU
		{045C0D50-9195-469A-97F1-C8CACA9192BA}.Debug|Any CPU.Build.0 = Debug|Any CPU
		{045C0D50-9195-469A-97F1-C8CACA9192BA}.Debug|x64.ActiveCfg = Debug|Any CPU
		{045C0D50-9195-469A-97F1-C8CACA9192BA}.Debug|x64.Build.0 = Debug|Any CPU
		{045C0D50-9195-469A-97F1-C8CACA9192BA}.Debug|x86.ActiveCfg = Debug|Any CPU
		{045C0D50-9195-469A-97F1-C8CACA9192BA}.Debug|x86.Build.0 = Debug|Any CPU
		{045C0D50-9195-469A-97F1-C8CACA9192BA}.Release|Any CPU.ActiveCfg = Release|Any CPU
		{045C0D50-9195-469A-97F1-C8CACA9192BA}.Release|Any CPU.Build.0 = Release|Any CPU
		{045C0D50-9195-469A-97F1-C8CACA9192BA}.Release|x64.ActiveCfg = Release|Any CPU
		{045C0D50-9195-469A-97F1-C8CACA9192BA}.Release|x64.Build.0 = Release|Any CPU
		{045C0D50-9195-469A-97F1-C8CACA9192BA}.Release|x86.ActiveCfg = Release|Any CPU
		{045C0D50-9195-469A-97F1-C8CACA9192BA}.Release|x86.Build.0 = Release|Any CPU
		{6501CCD3-0761-44D5-BB27-68D17485F8ED}.Debug|Any CPU.ActiveCfg = Debug|Any CPU
		{6501CCD3-0761-44D5-BB27-68D17485F8ED}.Debug|Any CPU.Build.0 = Debug|Any CPU
		{6501CCD3-0761-44D5-BB27-68D17485F8ED}.Debug|x64.ActiveCfg = Debug|Any CPU
		{6501CCD3-0761-44D5-BB27-68D17485F8ED}.Debug|x64.Build.0 = Debug|Any CPU
		{6501CCD3-0761-44D5-BB27-68D17485F8ED}.Debug|x86.ActiveCfg = Debug|Any CPU
		{6501CCD3-0761-44D5-BB27-68D17485F8ED}.Debug|x86.Build.0 = Debug|Any CPU
		{6501CCD3-0761-44D5-BB27-68D17485F8ED}.Release|Any CPU.ActiveCfg = Release|Any CPU
		{6501CCD3-0761-44D5-BB27-68D17485F8ED}.Release|Any CPU.Build.0 = Release|Any CPU
		{6501CCD3-0761-44D5-BB27-68D17485F8ED}.Release|x64.ActiveCfg = Release|Any CPU
		{6501CCD3-0761-44D5-BB27-68D17485F8ED}.Release|x64.Build.0 = Release|Any CPU
		{6501CCD3-0761-44D5-BB27-68D17485F8ED}.Release|x86.ActiveCfg = Release|Any CPU
		{6501CCD3-0761-44D5-BB27-68D17485F8ED}.Release|x86.Build.0 = Release|Any CPU
		{BA2E208B-3BB2-4FCC-83B5-BFC06EC94850}.Debug|Any CPU.ActiveCfg = Debug|Any CPU
		{BA2E208B-3BB2-4FCC-83B5-BFC06EC94850}.Debug|Any CPU.Build.0 = Debug|Any CPU
		{BA2E208B-3BB2-4FCC-83B5-BFC06EC94850}.Debug|x64.ActiveCfg = Debug|Any CPU
		{BA2E208B-3BB2-4FCC-83B5-BFC06EC94850}.Debug|x64.Build.0 = Debug|Any CPU
		{BA2E208B-3BB2-4FCC-83B5-BFC06EC94850}.Debug|x86.ActiveCfg = Debug|Any CPU
		{BA2E208B-3BB2-4FCC-83B5-BFC06EC94850}.Debug|x86.Build.0 = Debug|Any CPU
		{BA2E208B-3BB2-4FCC-83B5-BFC06EC94850}.Release|Any CPU.ActiveCfg = Release|Any CPU
		{BA2E208B-3BB2-4FCC-83B5-BFC06EC94850}.Release|Any CPU.Build.0 = Release|Any CPU
		{BA2E208B-3BB2-4FCC-83B5-BFC06EC94850}.Release|x64.ActiveCfg = Release|Any CPU
		{BA2E208B-3BB2-4FCC-83B5-BFC06EC94850}.Release|x64.Build.0 = Release|Any CPU
		{BA2E208B-3BB2-4FCC-83B5-BFC06EC94850}.Release|x86.ActiveCfg = Release|Any CPU
		{BA2E208B-3BB2-4FCC-83B5-BFC06EC94850}.Release|x86.Build.0 = Release|Any CPU
		{F4B8F768-A1DF-437E-939B-A9B0ADDAED3E}.Debug|Any CPU.ActiveCfg = Debug|Any CPU
		{F4B8F768-A1DF-437E-939B-A9B0ADDAED3E}.Debug|Any CPU.Build.0 = Debug|Any CPU
		{F4B8F768-A1DF-437E-939B-A9B0ADDAED3E}.Debug|x64.ActiveCfg = Debug|Any CPU
		{F4B8F768-A1DF-437E-939B-A9B0ADDAED3E}.Debug|x64.Build.0 = Debug|Any CPU
		{F4B8F768-A1DF-437E-939B-A9B0ADDAED3E}.Debug|x86.ActiveCfg = Debug|Any CPU
		{F4B8F768-A1DF-437E-939B-A9B0ADDAED3E}.Debug|x86.Build.0 = Debug|Any CPU
		{F4B8F768-A1DF-437E-939B-A9B0ADDAED3E}.Release|Any CPU.ActiveCfg = Release|Any CPU
		{F4B8F768-A1DF-437E-939B-A9B0ADDAED3E}.Release|Any CPU.Build.0 = Release|Any CPU
		{F4B8F768-A1DF-437E-939B-A9B0ADDAED3E}.Release|x64.ActiveCfg = Release|Any CPU
		{F4B8F768-A1DF-437E-939B-A9B0ADDAED3E}.Release|x64.Build.0 = Release|Any CPU
		{F4B8F768-A1DF-437E-939B-A9B0ADDAED3E}.Release|x86.ActiveCfg = Release|Any CPU
		{F4B8F768-A1DF-437E-939B-A9B0ADDAED3E}.Release|x86.Build.0 = Release|Any CPU
		{BA392100-5D15-48FB-A6FA-1CCDF8B3CF36}.Debug|Any CPU.ActiveCfg = Debug|Any CPU
		{BA392100-5D15-48FB-A6FA-1CCDF8B3CF36}.Debug|Any CPU.Build.0 = Debug|Any CPU
		{BA392100-5D15-48FB-A6FA-1CCDF8B3CF36}.Debug|x64.ActiveCfg = Debug|Any CPU
		{BA392100-5D15-48FB-A6FA-1CCDF8B3CF36}.Debug|x64.Build.0 = Debug|Any CPU
		{BA392100-5D15-48FB-A6FA-1CCDF8B3CF36}.Debug|x86.ActiveCfg = Debug|Any CPU
		{BA392100-5D15-48FB-A6FA-1CCDF8B3CF36}.Debug|x86.Build.0 = Debug|Any CPU
		{BA392100-5D15-48FB-A6FA-1CCDF8B3CF36}.Release|Any CPU.ActiveCfg = Release|Any CPU
		{BA392100-5D15-48FB-A6FA-1CCDF8B3CF36}.Release|Any CPU.Build.0 = Release|Any CPU
		{BA392100-5D15-48FB-A6FA-1CCDF8B3CF36}.Release|x64.ActiveCfg = Release|Any CPU
		{BA392100-5D15-48FB-A6FA-1CCDF8B3CF36}.Release|x64.Build.0 = Release|Any CPU
		{BA392100-5D15-48FB-A6FA-1CCDF8B3CF36}.Release|x86.ActiveCfg = Release|Any CPU
		{BA392100-5D15-48FB-A6FA-1CCDF8B3CF36}.Release|x86.Build.0 = Release|Any CPU
		{3E8C4214-74F7-4975-A62C-C5C287A8B58C}.Debug|Any CPU.ActiveCfg = Debug|Any CPU
		{3E8C4214-74F7-4975-A62C-C5C287A8B58C}.Debug|Any CPU.Build.0 = Debug|Any CPU
		{3E8C4214-74F7-4975-A62C-C5C287A8B58C}.Debug|x64.ActiveCfg = Debug|Any CPU
		{3E8C4214-74F7-4975-A62C-C5C287A8B58C}.Debug|x64.Build.0 = Debug|Any CPU
		{3E8C4214-74F7-4975-A62C-C5C287A8B58C}.Debug|x86.ActiveCfg = Debug|Any CPU
		{3E8C4214-74F7-4975-A62C-C5C287A8B58C}.Debug|x86.Build.0 = Debug|Any CPU
		{3E8C4214-74F7-4975-A62C-C5C287A8B58C}.Release|Any CPU.ActiveCfg = Release|Any CPU
		{3E8C4214-74F7-4975-A62C-C5C287A8B58C}.Release|Any CPU.Build.0 = Release|Any CPU
		{3E8C4214-74F7-4975-A62C-C5C287A8B58C}.Release|x64.ActiveCfg = Release|Any CPU
		{3E8C4214-74F7-4975-A62C-C5C287A8B58C}.Release|x64.Build.0 = Release|Any CPU
		{3E8C4214-74F7-4975-A62C-C5C287A8B58C}.Release|x86.ActiveCfg = Release|Any CPU
		{3E8C4214-74F7-4975-A62C-C5C287A8B58C}.Release|x86.Build.0 = Release|Any CPU
		{106F9DB0-8994-427D-B40D-0A300E5859F2}.Debug|Any CPU.ActiveCfg = Debug|Any CPU
		{106F9DB0-8994-427D-B40D-0A300E5859F2}.Debug|Any CPU.Build.0 = Debug|Any CPU
		{106F9DB0-8994-427D-B40D-0A300E5859F2}.Debug|x64.ActiveCfg = Debug|Any CPU
		{106F9DB0-8994-427D-B40D-0A300E5859F2}.Debug|x64.Build.0 = Debug|Any CPU
		{106F9DB0-8994-427D-B40D-0A300E5859F2}.Debug|x86.ActiveCfg = Debug|Any CPU
		{106F9DB0-8994-427D-B40D-0A300E5859F2}.Debug|x86.Build.0 = Debug|Any CPU
		{106F9DB0-8994-427D-B40D-0A300E5859F2}.Release|Any CPU.ActiveCfg = Release|Any CPU
		{106F9DB0-8994-427D-B40D-0A300E5859F2}.Release|Any CPU.Build.0 = Release|Any CPU
		{106F9DB0-8994-427D-B40D-0A300E5859F2}.Release|x64.ActiveCfg = Release|Any CPU
		{106F9DB0-8994-427D-B40D-0A300E5859F2}.Release|x64.Build.0 = Release|Any CPU
		{106F9DB0-8994-427D-B40D-0A300E5859F2}.Release|x86.ActiveCfg = Release|Any CPU
		{106F9DB0-8994-427D-B40D-0A300E5859F2}.Release|x86.Build.0 = Release|Any CPU
		{3C2EA976-B594-42D3-BFA5-FA08057369A1}.Debug|Any CPU.ActiveCfg = Debug|Any CPU
		{3C2EA976-B594-42D3-BFA5-FA08057369A1}.Debug|Any CPU.Build.0 = Debug|Any CPU
		{3C2EA976-B594-42D3-BFA5-FA08057369A1}.Debug|x64.ActiveCfg = Debug|Any CPU
		{3C2EA976-B594-42D3-BFA5-FA08057369A1}.Debug|x64.Build.0 = Debug|Any CPU
		{3C2EA976-B594-42D3-BFA5-FA08057369A1}.Debug|x86.ActiveCfg = Debug|Any CPU
		{3C2EA976-B594-42D3-BFA5-FA08057369A1}.Debug|x86.Build.0 = Debug|Any CPU
		{3C2EA976-B594-42D3-BFA5-FA08057369A1}.Release|Any CPU.ActiveCfg = Release|Any CPU
		{3C2EA976-B594-42D3-BFA5-FA08057369A1}.Release|Any CPU.Build.0 = Release|Any CPU
		{3C2EA976-B594-42D3-BFA5-FA08057369A1}.Release|x64.ActiveCfg = Release|Any CPU
		{3C2EA976-B594-42D3-BFA5-FA08057369A1}.Release|x64.Build.0 = Release|Any CPU
		{3C2EA976-B594-42D3-BFA5-FA08057369A1}.Release|x86.ActiveCfg = Release|Any CPU
		{3C2EA976-B594-42D3-BFA5-FA08057369A1}.Release|x86.Build.0 = Release|Any CPU
		{FD0FB997-67DC-41C9-94E6-5FCD63192A0B}.Debug|Any CPU.ActiveCfg = Debug|Any CPU
		{FD0FB997-67DC-41C9-94E6-5FCD63192A0B}.Debug|Any CPU.Build.0 = Debug|Any CPU
		{FD0FB997-67DC-41C9-94E6-5FCD63192A0B}.Debug|x64.ActiveCfg = Debug|Any CPU
		{FD0FB997-67DC-41C9-94E6-5FCD63192A0B}.Debug|x64.Build.0 = Debug|Any CPU
		{FD0FB997-67DC-41C9-94E6-5FCD63192A0B}.Debug|x86.ActiveCfg = Debug|Any CPU
		{FD0FB997-67DC-41C9-94E6-5FCD63192A0B}.Debug|x86.Build.0 = Debug|Any CPU
		{FD0FB997-67DC-41C9-94E6-5FCD63192A0B}.Release|Any CPU.ActiveCfg = Release|Any CPU
		{FD0FB997-67DC-41C9-94E6-5FCD63192A0B}.Release|Any CPU.Build.0 = Release|Any CPU
		{FD0FB997-67DC-41C9-94E6-5FCD63192A0B}.Release|x64.ActiveCfg = Release|Any CPU
		{FD0FB997-67DC-41C9-94E6-5FCD63192A0B}.Release|x64.Build.0 = Release|Any CPU
		{FD0FB997-67DC-41C9-94E6-5FCD63192A0B}.Release|x86.ActiveCfg = Release|Any CPU
		{FD0FB997-67DC-41C9-94E6-5FCD63192A0B}.Release|x86.Build.0 = Release|Any CPU
		{8B68B051-4D05-4E13-AA48-D330FDC90394}.Debug|Any CPU.ActiveCfg = Debug|Any CPU
		{8B68B051-4D05-4E13-AA48-D330FDC90394}.Debug|Any CPU.Build.0 = Debug|Any CPU
		{8B68B051-4D05-4E13-AA48-D330FDC90394}.Debug|x64.ActiveCfg = Debug|Any CPU
		{8B68B051-4D05-4E13-AA48-D330FDC90394}.Debug|x64.Build.0 = Debug|Any CPU
		{8B68B051-4D05-4E13-AA48-D330FDC90394}.Debug|x86.ActiveCfg = Debug|Any CPU
		{8B68B051-4D05-4E13-AA48-D330FDC90394}.Debug|x86.Build.0 = Debug|Any CPU
		{8B68B051-4D05-4E13-AA48-D330FDC90394}.Release|Any CPU.ActiveCfg = Release|Any CPU
		{8B68B051-4D05-4E13-AA48-D330FDC90394}.Release|Any CPU.Build.0 = Release|Any CPU
		{8B68B051-4D05-4E13-AA48-D330FDC90394}.Release|x64.ActiveCfg = Release|Any CPU
		{8B68B051-4D05-4E13-AA48-D330FDC90394}.Release|x64.Build.0 = Release|Any CPU
		{8B68B051-4D05-4E13-AA48-D330FDC90394}.Release|x86.ActiveCfg = Release|Any CPU
		{8B68B051-4D05-4E13-AA48-D330FDC90394}.Release|x86.Build.0 = Release|Any CPU
		{4D30FD64-4251-4970-BE19-F7EA280BCA49}.Debug|Any CPU.ActiveCfg = Debug|Any CPU
		{4D30FD64-4251-4970-BE19-F7EA280BCA49}.Debug|Any CPU.Build.0 = Debug|Any CPU
		{4D30FD64-4251-4970-BE19-F7EA280BCA49}.Debug|x64.ActiveCfg = Debug|Any CPU
		{4D30FD64-4251-4970-BE19-F7EA280BCA49}.Debug|x64.Build.0 = Debug|Any CPU
		{4D30FD64-4251-4970-BE19-F7EA280BCA49}.Debug|x86.ActiveCfg = Debug|Any CPU
		{4D30FD64-4251-4970-BE19-F7EA280BCA49}.Debug|x86.Build.0 = Debug|Any CPU
		{4D30FD64-4251-4970-BE19-F7EA280BCA49}.Release|Any CPU.ActiveCfg = Release|Any CPU
		{4D30FD64-4251-4970-BE19-F7EA280BCA49}.Release|Any CPU.Build.0 = Release|Any CPU
		{4D30FD64-4251-4970-BE19-F7EA280BCA49}.Release|x64.ActiveCfg = Release|Any CPU
		{4D30FD64-4251-4970-BE19-F7EA280BCA49}.Release|x64.Build.0 = Release|Any CPU
		{4D30FD64-4251-4970-BE19-F7EA280BCA49}.Release|x86.ActiveCfg = Release|Any CPU
		{4D30FD64-4251-4970-BE19-F7EA280BCA49}.Release|x86.Build.0 = Release|Any CPU
		{BCAB7AB3-F9A8-443E-9EC5-A18801CBDA03}.Debug|Any CPU.ActiveCfg = Debug|Any CPU
		{BCAB7AB3-F9A8-443E-9EC5-A18801CBDA03}.Debug|Any CPU.Build.0 = Debug|Any CPU
		{BCAB7AB3-F9A8-443E-9EC5-A18801CBDA03}.Debug|x64.ActiveCfg = Debug|Any CPU
		{BCAB7AB3-F9A8-443E-9EC5-A18801CBDA03}.Debug|x64.Build.0 = Debug|Any CPU
		{BCAB7AB3-F9A8-443E-9EC5-A18801CBDA03}.Debug|x86.ActiveCfg = Debug|Any CPU
		{BCAB7AB3-F9A8-443E-9EC5-A18801CBDA03}.Debug|x86.Build.0 = Debug|Any CPU
		{BCAB7AB3-F9A8-443E-9EC5-A18801CBDA03}.Release|Any CPU.ActiveCfg = Release|Any CPU
		{BCAB7AB3-F9A8-443E-9EC5-A18801CBDA03}.Release|Any CPU.Build.0 = Release|Any CPU
		{BCAB7AB3-F9A8-443E-9EC5-A18801CBDA03}.Release|x64.ActiveCfg = Release|Any CPU
		{BCAB7AB3-F9A8-443E-9EC5-A18801CBDA03}.Release|x64.Build.0 = Release|Any CPU
		{BCAB7AB3-F9A8-443E-9EC5-A18801CBDA03}.Release|x86.ActiveCfg = Release|Any CPU
		{BCAB7AB3-F9A8-443E-9EC5-A18801CBDA03}.Release|x86.Build.0 = Release|Any CPU
		{A7B2DADE-C6BC-425C-94A6-51F62B03D9BF}.Debug|Any CPU.ActiveCfg = Debug|Any CPU
		{A7B2DADE-C6BC-425C-94A6-51F62B03D9BF}.Debug|Any CPU.Build.0 = Debug|Any CPU
		{A7B2DADE-C6BC-425C-94A6-51F62B03D9BF}.Debug|x64.ActiveCfg = Debug|Any CPU
		{A7B2DADE-C6BC-425C-94A6-51F62B03D9BF}.Debug|x64.Build.0 = Debug|Any CPU
		{A7B2DADE-C6BC-425C-94A6-51F62B03D9BF}.Debug|x86.ActiveCfg = Debug|Any CPU
		{A7B2DADE-C6BC-425C-94A6-51F62B03D9BF}.Debug|x86.Build.0 = Debug|Any CPU
		{A7B2DADE-C6BC-425C-94A6-51F62B03D9BF}.Release|Any CPU.ActiveCfg = Release|Any CPU
		{A7B2DADE-C6BC-425C-94A6-51F62B03D9BF}.Release|Any CPU.Build.0 = Release|Any CPU
		{A7B2DADE-C6BC-425C-94A6-51F62B03D9BF}.Release|x64.ActiveCfg = Release|Any CPU
		{A7B2DADE-C6BC-425C-94A6-51F62B03D9BF}.Release|x64.Build.0 = Release|Any CPU
		{A7B2DADE-C6BC-425C-94A6-51F62B03D9BF}.Release|x86.ActiveCfg = Release|Any CPU
		{A7B2DADE-C6BC-425C-94A6-51F62B03D9BF}.Release|x86.Build.0 = Release|Any CPU
		{A8D12079-529F-43AA-BDB5-9186854E5790}.Debug|Any CPU.ActiveCfg = Debug|Any CPU
		{A8D12079-529F-43AA-BDB5-9186854E5790}.Debug|Any CPU.Build.0 = Debug|Any CPU
		{A8D12079-529F-43AA-BDB5-9186854E5790}.Debug|x64.ActiveCfg = Debug|Any CPU
		{A8D12079-529F-43AA-BDB5-9186854E5790}.Debug|x64.Build.0 = Debug|Any CPU
		{A8D12079-529F-43AA-BDB5-9186854E5790}.Debug|x86.ActiveCfg = Debug|Any CPU
		{A8D12079-529F-43AA-BDB5-9186854E5790}.Debug|x86.Build.0 = Debug|Any CPU
		{A8D12079-529F-43AA-BDB5-9186854E5790}.Release|Any CPU.ActiveCfg = Release|Any CPU
		{A8D12079-529F-43AA-BDB5-9186854E5790}.Release|Any CPU.Build.0 = Release|Any CPU
		{A8D12079-529F-43AA-BDB5-9186854E5790}.Release|x64.ActiveCfg = Release|Any CPU
		{A8D12079-529F-43AA-BDB5-9186854E5790}.Release|x64.Build.0 = Release|Any CPU
		{A8D12079-529F-43AA-BDB5-9186854E5790}.Release|x86.ActiveCfg = Release|Any CPU
		{A8D12079-529F-43AA-BDB5-9186854E5790}.Release|x86.Build.0 = Release|Any CPU
		{8ED98AAC-5785-4AB0-B807-670F865D1F0D}.Debug|Any CPU.ActiveCfg = Debug|Any CPU
		{8ED98AAC-5785-4AB0-B807-670F865D1F0D}.Debug|Any CPU.Build.0 = Debug|Any CPU
		{8ED98AAC-5785-4AB0-B807-670F865D1F0D}.Debug|x64.ActiveCfg = Debug|Any CPU
		{8ED98AAC-5785-4AB0-B807-670F865D1F0D}.Debug|x64.Build.0 = Debug|Any CPU
		{8ED98AAC-5785-4AB0-B807-670F865D1F0D}.Debug|x86.ActiveCfg = Debug|Any CPU
		{8ED98AAC-5785-4AB0-B807-670F865D1F0D}.Debug|x86.Build.0 = Debug|Any CPU
		{8ED98AAC-5785-4AB0-B807-670F865D1F0D}.Release|Any CPU.ActiveCfg = Release|Any CPU
		{8ED98AAC-5785-4AB0-B807-670F865D1F0D}.Release|Any CPU.Build.0 = Release|Any CPU
		{8ED98AAC-5785-4AB0-B807-670F865D1F0D}.Release|x64.ActiveCfg = Release|Any CPU
		{8ED98AAC-5785-4AB0-B807-670F865D1F0D}.Release|x64.Build.0 = Release|Any CPU
		{8ED98AAC-5785-4AB0-B807-670F865D1F0D}.Release|x86.ActiveCfg = Release|Any CPU
		{8ED98AAC-5785-4AB0-B807-670F865D1F0D}.Release|x86.Build.0 = Release|Any CPU
		{5639F61A-43D7-4E34-8AB3-0E05F7B579E6}.Debug|Any CPU.ActiveCfg = Debug|Any CPU
		{5639F61A-43D7-4E34-8AB3-0E05F7B579E6}.Debug|Any CPU.Build.0 = Debug|Any CPU
		{5639F61A-43D7-4E34-8AB3-0E05F7B579E6}.Debug|x64.ActiveCfg = Debug|Any CPU
		{5639F61A-43D7-4E34-8AB3-0E05F7B579E6}.Debug|x64.Build.0 = Debug|Any CPU
		{5639F61A-43D7-4E34-8AB3-0E05F7B579E6}.Debug|x86.ActiveCfg = Debug|Any CPU
		{5639F61A-43D7-4E34-8AB3-0E05F7B579E6}.Debug|x86.Build.0 = Debug|Any CPU
		{5639F61A-43D7-4E34-8AB3-0E05F7B579E6}.Release|Any CPU.ActiveCfg = Release|Any CPU
		{5639F61A-43D7-4E34-8AB3-0E05F7B579E6}.Release|Any CPU.Build.0 = Release|Any CPU
		{5639F61A-43D7-4E34-8AB3-0E05F7B579E6}.Release|x64.ActiveCfg = Release|Any CPU
		{5639F61A-43D7-4E34-8AB3-0E05F7B579E6}.Release|x64.Build.0 = Release|Any CPU
		{5639F61A-43D7-4E34-8AB3-0E05F7B579E6}.Release|x86.ActiveCfg = Release|Any CPU
		{5639F61A-43D7-4E34-8AB3-0E05F7B579E6}.Release|x86.Build.0 = Release|Any CPU
		{A67D8F60-84CB-4EC7-8925-8B3D21D08FF2}.Debug|Any CPU.ActiveCfg = Debug|Any CPU
		{A67D8F60-84CB-4EC7-8925-8B3D21D08FF2}.Debug|Any CPU.Build.0 = Debug|Any CPU
		{A67D8F60-84CB-4EC7-8925-8B3D21D08FF2}.Debug|x64.ActiveCfg = Debug|Any CPU
		{A67D8F60-84CB-4EC7-8925-8B3D21D08FF2}.Debug|x64.Build.0 = Debug|Any CPU
		{A67D8F60-84CB-4EC7-8925-8B3D21D08FF2}.Debug|x86.ActiveCfg = Debug|Any CPU
		{A67D8F60-84CB-4EC7-8925-8B3D21D08FF2}.Debug|x86.Build.0 = Debug|Any CPU
		{A67D8F60-84CB-4EC7-8925-8B3D21D08FF2}.Release|Any CPU.ActiveCfg = Release|Any CPU
		{A67D8F60-84CB-4EC7-8925-8B3D21D08FF2}.Release|Any CPU.Build.0 = Release|Any CPU
		{A67D8F60-84CB-4EC7-8925-8B3D21D08FF2}.Release|x64.ActiveCfg = Release|Any CPU
		{A67D8F60-84CB-4EC7-8925-8B3D21D08FF2}.Release|x64.Build.0 = Release|Any CPU
		{A67D8F60-84CB-4EC7-8925-8B3D21D08FF2}.Release|x86.ActiveCfg = Release|Any CPU
		{A67D8F60-84CB-4EC7-8925-8B3D21D08FF2}.Release|x86.Build.0 = Release|Any CPU
		{84FA943E-7530-4917-85EA-D980D5BA95DE}.Debug|Any CPU.ActiveCfg = Debug|Any CPU
		{84FA943E-7530-4917-85EA-D980D5BA95DE}.Debug|Any CPU.Build.0 = Debug|Any CPU
		{84FA943E-7530-4917-85EA-D980D5BA95DE}.Debug|x64.ActiveCfg = Debug|Any CPU
		{84FA943E-7530-4917-85EA-D980D5BA95DE}.Debug|x64.Build.0 = Debug|Any CPU
		{84FA943E-7530-4917-85EA-D980D5BA95DE}.Debug|x86.ActiveCfg = Debug|Any CPU
		{84FA943E-7530-4917-85EA-D980D5BA95DE}.Debug|x86.Build.0 = Debug|Any CPU
		{84FA943E-7530-4917-85EA-D980D5BA95DE}.Release|Any CPU.ActiveCfg = Release|Any CPU
		{84FA943E-7530-4917-85EA-D980D5BA95DE}.Release|Any CPU.Build.0 = Release|Any CPU
		{84FA943E-7530-4917-85EA-D980D5BA95DE}.Release|x64.ActiveCfg = Release|Any CPU
		{84FA943E-7530-4917-85EA-D980D5BA95DE}.Release|x64.Build.0 = Release|Any CPU
		{84FA943E-7530-4917-85EA-D980D5BA95DE}.Release|x86.ActiveCfg = Release|Any CPU
		{84FA943E-7530-4917-85EA-D980D5BA95DE}.Release|x86.Build.0 = Release|Any CPU
		{FD9DBB46-D1CF-417C-88FD-B7641C3A0695}.Debug|Any CPU.ActiveCfg = Debug|Any CPU
		{FD9DBB46-D1CF-417C-88FD-B7641C3A0695}.Debug|Any CPU.Build.0 = Debug|Any CPU
		{FD9DBB46-D1CF-417C-88FD-B7641C3A0695}.Debug|x64.ActiveCfg = Debug|Any CPU
		{FD9DBB46-D1CF-417C-88FD-B7641C3A0695}.Debug|x64.Build.0 = Debug|Any CPU
		{FD9DBB46-D1CF-417C-88FD-B7641C3A0695}.Debug|x86.ActiveCfg = Debug|Any CPU
		{FD9DBB46-D1CF-417C-88FD-B7641C3A0695}.Debug|x86.Build.0 = Debug|Any CPU
		{FD9DBB46-D1CF-417C-88FD-B7641C3A0695}.Release|Any CPU.ActiveCfg = Release|Any CPU
		{FD9DBB46-D1CF-417C-88FD-B7641C3A0695}.Release|Any CPU.Build.0 = Release|Any CPU
		{FD9DBB46-D1CF-417C-88FD-B7641C3A0695}.Release|x64.ActiveCfg = Release|Any CPU
		{FD9DBB46-D1CF-417C-88FD-B7641C3A0695}.Release|x64.Build.0 = Release|Any CPU
		{FD9DBB46-D1CF-417C-88FD-B7641C3A0695}.Release|x86.ActiveCfg = Release|Any CPU
		{FD9DBB46-D1CF-417C-88FD-B7641C3A0695}.Release|x86.Build.0 = Release|Any CPU
		{1794E019-A9BB-40ED-8148-408C177B7F6E}.Debug|Any CPU.ActiveCfg = Debug|Any CPU
		{1794E019-A9BB-40ED-8148-408C177B7F6E}.Debug|Any CPU.Build.0 = Debug|Any CPU
		{1794E019-A9BB-40ED-8148-408C177B7F6E}.Debug|x64.ActiveCfg = Debug|Any CPU
		{1794E019-A9BB-40ED-8148-408C177B7F6E}.Debug|x64.Build.0 = Debug|Any CPU
		{1794E019-A9BB-40ED-8148-408C177B7F6E}.Debug|x86.ActiveCfg = Debug|Any CPU
		{1794E019-A9BB-40ED-8148-408C177B7F6E}.Debug|x86.Build.0 = Debug|Any CPU
		{1794E019-A9BB-40ED-8148-408C177B7F6E}.Release|Any CPU.ActiveCfg = Release|Any CPU
		{1794E019-A9BB-40ED-8148-408C177B7F6E}.Release|Any CPU.Build.0 = Release|Any CPU
		{1794E019-A9BB-40ED-8148-408C177B7F6E}.Release|x64.ActiveCfg = Release|Any CPU
		{1794E019-A9BB-40ED-8148-408C177B7F6E}.Release|x64.Build.0 = Release|Any CPU
		{1794E019-A9BB-40ED-8148-408C177B7F6E}.Release|x86.ActiveCfg = Release|Any CPU
		{1794E019-A9BB-40ED-8148-408C177B7F6E}.Release|x86.Build.0 = Release|Any CPU
		{72A24D04-BAF2-4301-BF8B-A09E605BA7CF}.Debug|Any CPU.ActiveCfg = Debug|Any CPU
		{72A24D04-BAF2-4301-BF8B-A09E605BA7CF}.Debug|Any CPU.Build.0 = Debug|Any CPU
		{72A24D04-BAF2-4301-BF8B-A09E605BA7CF}.Debug|x64.ActiveCfg = Debug|Any CPU
		{72A24D04-BAF2-4301-BF8B-A09E605BA7CF}.Debug|x64.Build.0 = Debug|Any CPU
		{72A24D04-BAF2-4301-BF8B-A09E605BA7CF}.Debug|x86.ActiveCfg = Debug|Any CPU
		{72A24D04-BAF2-4301-BF8B-A09E605BA7CF}.Debug|x86.Build.0 = Debug|Any CPU
		{72A24D04-BAF2-4301-BF8B-A09E605BA7CF}.Release|Any CPU.ActiveCfg = Release|Any CPU
		{72A24D04-BAF2-4301-BF8B-A09E605BA7CF}.Release|Any CPU.Build.0 = Release|Any CPU
		{72A24D04-BAF2-4301-BF8B-A09E605BA7CF}.Release|x64.ActiveCfg = Release|Any CPU
		{72A24D04-BAF2-4301-BF8B-A09E605BA7CF}.Release|x64.Build.0 = Release|Any CPU
		{72A24D04-BAF2-4301-BF8B-A09E605BA7CF}.Release|x86.ActiveCfg = Release|Any CPU
		{72A24D04-BAF2-4301-BF8B-A09E605BA7CF}.Release|x86.Build.0 = Release|Any CPU
		{7EF52CEC-378A-49BC-BDC7-C43F20373827}.Debug|Any CPU.ActiveCfg = Debug|Any CPU
		{7EF52CEC-378A-49BC-BDC7-C43F20373827}.Debug|Any CPU.Build.0 = Debug|Any CPU
		{7EF52CEC-378A-49BC-BDC7-C43F20373827}.Debug|x64.ActiveCfg = Debug|Any CPU
		{7EF52CEC-378A-49BC-BDC7-C43F20373827}.Debug|x64.Build.0 = Debug|Any CPU
		{7EF52CEC-378A-49BC-BDC7-C43F20373827}.Debug|x86.ActiveCfg = Debug|Any CPU
		{7EF52CEC-378A-49BC-BDC7-C43F20373827}.Debug|x86.Build.0 = Debug|Any CPU
		{7EF52CEC-378A-49BC-BDC7-C43F20373827}.Release|Any CPU.ActiveCfg = Release|Any CPU
		{7EF52CEC-378A-49BC-BDC7-C43F20373827}.Release|Any CPU.Build.0 = Release|Any CPU
		{7EF52CEC-378A-49BC-BDC7-C43F20373827}.Release|x64.ActiveCfg = Release|Any CPU
		{7EF52CEC-378A-49BC-BDC7-C43F20373827}.Release|x64.Build.0 = Release|Any CPU
		{7EF52CEC-378A-49BC-BDC7-C43F20373827}.Release|x86.ActiveCfg = Release|Any CPU
		{7EF52CEC-378A-49BC-BDC7-C43F20373827}.Release|x86.Build.0 = Release|Any CPU
		{BEDCDFA6-6CE6-49A7-A264-DB74AF4CCEB5}.Debug|Any CPU.ActiveCfg = Debug|Any CPU
		{BEDCDFA6-6CE6-49A7-A264-DB74AF4CCEB5}.Debug|Any CPU.Build.0 = Debug|Any CPU
		{BEDCDFA6-6CE6-49A7-A264-DB74AF4CCEB5}.Debug|x64.ActiveCfg = Debug|Any CPU
		{BEDCDFA6-6CE6-49A7-A264-DB74AF4CCEB5}.Debug|x64.Build.0 = Debug|Any CPU
		{BEDCDFA6-6CE6-49A7-A264-DB74AF4CCEB5}.Debug|x86.ActiveCfg = Debug|Any CPU
		{BEDCDFA6-6CE6-49A7-A264-DB74AF4CCEB5}.Debug|x86.Build.0 = Debug|Any CPU
		{BEDCDFA6-6CE6-49A7-A264-DB74AF4CCEB5}.Release|Any CPU.ActiveCfg = Release|Any CPU
		{BEDCDFA6-6CE6-49A7-A264-DB74AF4CCEB5}.Release|Any CPU.Build.0 = Release|Any CPU
		{BEDCDFA6-6CE6-49A7-A264-DB74AF4CCEB5}.Release|x64.ActiveCfg = Release|Any CPU
		{BEDCDFA6-6CE6-49A7-A264-DB74AF4CCEB5}.Release|x64.Build.0 = Release|Any CPU
		{BEDCDFA6-6CE6-49A7-A264-DB74AF4CCEB5}.Release|x86.ActiveCfg = Release|Any CPU
		{BEDCDFA6-6CE6-49A7-A264-DB74AF4CCEB5}.Release|x86.Build.0 = Release|Any CPU
		{E173BDCF-5B9F-4697-8976-1BF5DA989A22}.Debug|Any CPU.ActiveCfg = Debug|Any CPU
		{E173BDCF-5B9F-4697-8976-1BF5DA989A22}.Debug|Any CPU.Build.0 = Debug|Any CPU
		{E173BDCF-5B9F-4697-8976-1BF5DA989A22}.Debug|x64.ActiveCfg = Debug|Any CPU
		{E173BDCF-5B9F-4697-8976-1BF5DA989A22}.Debug|x64.Build.0 = Debug|Any CPU
		{E173BDCF-5B9F-4697-8976-1BF5DA989A22}.Debug|x86.ActiveCfg = Debug|Any CPU
		{E173BDCF-5B9F-4697-8976-1BF5DA989A22}.Debug|x86.Build.0 = Debug|Any CPU
		{E173BDCF-5B9F-4697-8976-1BF5DA989A22}.Release|Any CPU.ActiveCfg = Release|Any CPU
		{E173BDCF-5B9F-4697-8976-1BF5DA989A22}.Release|Any CPU.Build.0 = Release|Any CPU
		{E173BDCF-5B9F-4697-8976-1BF5DA989A22}.Release|x64.ActiveCfg = Release|Any CPU
		{E173BDCF-5B9F-4697-8976-1BF5DA989A22}.Release|x64.Build.0 = Release|Any CPU
		{E173BDCF-5B9F-4697-8976-1BF5DA989A22}.Release|x86.ActiveCfg = Release|Any CPU
		{E173BDCF-5B9F-4697-8976-1BF5DA989A22}.Release|x86.Build.0 = Release|Any CPU
		{D63479A4-CC9F-4BCD-B414-026C5E61BD57}.Debug|Any CPU.ActiveCfg = Debug|Any CPU
		{D63479A4-CC9F-4BCD-B414-026C5E61BD57}.Debug|Any CPU.Build.0 = Debug|Any CPU
		{D63479A4-CC9F-4BCD-B414-026C5E61BD57}.Debug|x64.ActiveCfg = Debug|Any CPU
		{D63479A4-CC9F-4BCD-B414-026C5E61BD57}.Debug|x64.Build.0 = Debug|Any CPU
		{D63479A4-CC9F-4BCD-B414-026C5E61BD57}.Debug|x86.ActiveCfg = Debug|Any CPU
		{D63479A4-CC9F-4BCD-B414-026C5E61BD57}.Debug|x86.Build.0 = Debug|Any CPU
		{D63479A4-CC9F-4BCD-B414-026C5E61BD57}.Release|Any CPU.ActiveCfg = Release|Any CPU
		{D63479A4-CC9F-4BCD-B414-026C5E61BD57}.Release|Any CPU.Build.0 = Release|Any CPU
		{D63479A4-CC9F-4BCD-B414-026C5E61BD57}.Release|x64.ActiveCfg = Release|Any CPU
		{D63479A4-CC9F-4BCD-B414-026C5E61BD57}.Release|x64.Build.0 = Release|Any CPU
		{D63479A4-CC9F-4BCD-B414-026C5E61BD57}.Release|x86.ActiveCfg = Release|Any CPU
		{D63479A4-CC9F-4BCD-B414-026C5E61BD57}.Release|x86.Build.0 = Release|Any CPU
		{58E41E2E-DAF0-442C-BCDF-7F6A3499E8CE}.Debug|Any CPU.ActiveCfg = Debug|Any CPU
		{58E41E2E-DAF0-442C-BCDF-7F6A3499E8CE}.Debug|Any CPU.Build.0 = Debug|Any CPU
		{58E41E2E-DAF0-442C-BCDF-7F6A3499E8CE}.Debug|x64.ActiveCfg = Debug|Any CPU
		{58E41E2E-DAF0-442C-BCDF-7F6A3499E8CE}.Debug|x64.Build.0 = Debug|Any CPU
		{58E41E2E-DAF0-442C-BCDF-7F6A3499E8CE}.Debug|x86.ActiveCfg = Debug|Any CPU
		{58E41E2E-DAF0-442C-BCDF-7F6A3499E8CE}.Debug|x86.Build.0 = Debug|Any CPU
		{58E41E2E-DAF0-442C-BCDF-7F6A3499E8CE}.Release|Any CPU.ActiveCfg = Release|Any CPU
		{58E41E2E-DAF0-442C-BCDF-7F6A3499E8CE}.Release|Any CPU.Build.0 = Release|Any CPU
		{58E41E2E-DAF0-442C-BCDF-7F6A3499E8CE}.Release|x64.ActiveCfg = Release|Any CPU
		{58E41E2E-DAF0-442C-BCDF-7F6A3499E8CE}.Release|x64.Build.0 = Release|Any CPU
		{58E41E2E-DAF0-442C-BCDF-7F6A3499E8CE}.Release|x86.ActiveCfg = Release|Any CPU
		{58E41E2E-DAF0-442C-BCDF-7F6A3499E8CE}.Release|x86.Build.0 = Release|Any CPU
	EndGlobalSection
	GlobalSection(SolutionProperties) = preSolution
		HideSolutionNode = FALSE
	EndGlobalSection
	GlobalSection(NestedProjects) = preSolution
		{8DBB4ADE-A45A-61EA-077F-A3663C16FA40} = {827E0CD3-B72D-47B6-A68D-7590B98EB39B}
		{2EAD4A26-74EB-432B-BF7F-08FE9E759E6A} = {8DBB4ADE-A45A-61EA-077F-A3663C16FA40}
		{D655C391-8A62-4FC0-8263-9539E5F8F33F} = {8DBB4ADE-A45A-61EA-077F-A3663C16FA40}
		{AC050B7D-2F3D-4259-82E9-1964EF94D0D0} = {8DBB4ADE-A45A-61EA-077F-A3663C16FA40}
		{03B32C4A-F3DB-4975-F6F8-65D1ADA49A91} = {827E0CD3-B72D-47B6-A68D-7590B98EB39B}
		{6A4F5EA7-BD9E-4245-B78C-7E88E34E2136} = {03B32C4A-F3DB-4975-F6F8-65D1ADA49A91}
		{5D2A92DD-2BAD-4B49-B7E8-09DD69DECF41} = {03B32C4A-F3DB-4975-F6F8-65D1ADA49A91}
		{5958620E-8357-42CC-96DB-C2E5025217A4} = {03B32C4A-F3DB-4975-F6F8-65D1ADA49A91}
		{BEF4CF03-6496-4C30-95DE-A01325EE7CDF} = {03B32C4A-F3DB-4975-F6F8-65D1ADA49A91}
		{045C0D50-9195-469A-97F1-C8CACA9192BA} = {03B32C4A-F3DB-4975-F6F8-65D1ADA49A91}
		{6501CCD3-0761-44D5-BB27-68D17485F8ED} = {03B32C4A-F3DB-4975-F6F8-65D1ADA49A91}
		{5F22E3FD-03F7-6464-D9FD-C37E479F3006} = {827E0CD3-B72D-47B6-A68D-7590B98EB39B}
		{BA2E208B-3BB2-4FCC-83B5-BFC06EC94850} = {5F22E3FD-03F7-6464-D9FD-C37E479F3006}
		{F4B8F768-A1DF-437E-939B-A9B0ADDAED3E} = {03B32C4A-F3DB-4975-F6F8-65D1ADA49A91}
		{BA392100-5D15-48FB-A6FA-1CCDF8B3CF36} = {03B32C4A-F3DB-4975-F6F8-65D1ADA49A91}
		{3E8C4214-74F7-4975-A62C-C5C287A8B58C} = {03B32C4A-F3DB-4975-F6F8-65D1ADA49A91}
		{106F9DB0-8994-427D-B40D-0A300E5859F2} = {03B32C4A-F3DB-4975-F6F8-65D1ADA49A91}
		{3C2EA976-B594-42D3-BFA5-FA08057369A1} = {03B32C4A-F3DB-4975-F6F8-65D1ADA49A91}
		{FD0FB997-67DC-41C9-94E6-5FCD63192A0B} = {5F22E3FD-03F7-6464-D9FD-C37E479F3006}
		{358FB479-815E-C133-975E-C093EB5107D0} = {827E0CD3-B72D-47B6-A68D-7590B98EB39B}
		{8B68B051-4D05-4E13-AA48-D330FDC90394} = {358FB479-815E-C133-975E-C093EB5107D0}
		{4D30FD64-4251-4970-BE19-F7EA280BCA49} = {358FB479-815E-C133-975E-C093EB5107D0}
		{13A09F1F-ECDB-090E-3A80-7E942E303690} = {827E0CD3-B72D-47B6-A68D-7590B98EB39B}
		{BCAB7AB3-F9A8-443E-9EC5-A18801CBDA03} = {13A09F1F-ECDB-090E-3A80-7E942E303690}
		{A7B2DADE-C6BC-425C-94A6-51F62B03D9BF} = {0AB3BF05-4346-4AA6-1389-037BE0695223}
		{A8D12079-529F-43AA-BDB5-9186854E5790} = {0AB3BF05-4346-4AA6-1389-037BE0695223}
		{8ED98AAC-5785-4AB0-B807-670F865D1F0D} = {0AB3BF05-4346-4AA6-1389-037BE0695223}
		{5639F61A-43D7-4E34-8AB3-0E05F7B579E6} = {03B32C4A-F3DB-4975-F6F8-65D1ADA49A91}
		{A67D8F60-84CB-4EC7-8925-8B3D21D08FF2} = {0AB3BF05-4346-4AA6-1389-037BE0695223}
		{84FA943E-7530-4917-85EA-D980D5BA95DE} = {358FB479-815E-C133-975E-C093EB5107D0}
		{FD9DBB46-D1CF-417C-88FD-B7641C3A0695} = {358FB479-815E-C133-975E-C093EB5107D0}
		{1794E019-A9BB-40ED-8148-408C177B7F6E} = {03B32C4A-F3DB-4975-F6F8-65D1ADA49A91}
		{72A24D04-BAF2-4301-BF8B-A09E605BA7CF} = {03B32C4A-F3DB-4975-F6F8-65D1ADA49A91}
		{7EF52CEC-378A-49BC-BDC7-C43F20373827} = {0AB3BF05-4346-4AA6-1389-037BE0695223}
		{BEDCDFA6-6CE6-49A7-A264-DB74AF4CCEB5} = {358FB479-815E-C133-975E-C093EB5107D0}
		{E173BDCF-5B9F-4697-8976-1BF5DA989A22} = {03B32C4A-F3DB-4975-F6F8-65D1ADA49A91}
		{D63479A4-CC9F-4BCD-B414-026C5E61BD57} = {358FB479-815E-C133-975E-C093EB5107D0}
		{58E41E2E-DAF0-442C-BCDF-7F6A3499E8CE} = {358FB479-815E-C133-975E-C093EB5107D0}
	EndGlobalSection
EndGlobal
